<?xml version="1.0" encoding="utf-8"?>
<Project ToolsVersion="4.0" xmlns="http://schemas.microsoft.com/developer/msbuild/2003">
  <ItemGroup>
    <Filter Include="소스 파일">
      <UniqueIdentifier>{4FC737F1-C7A5-4376-A066-2A32D752A2FF}</UniqueIdentifier>
      <Extensions>cpp;c;cc;cxx;def;odl;idl;hpj;bat;asm;asmx</Extensions>
    </Filter>
    <Filter Include="헤더 파일">
      <UniqueIdentifier>{93995380-89BD-4b04-88EB-625FBE52EBFB}</UniqueIdentifier>
      <Extensions>h;hh;hpp;hxx;hm;inl;inc;ipp;xsd</Extensions>
    </Filter>
    <Filter Include="리소스 파일">
      <UniqueIdentifier>{67DA6AB6-F800-4c08-8B7A-83BB121AAD01}</UniqueIdentifier>
      <Extensions>rc;ico;cur;bmp;dlg;rc2;rct;bin;rgs;gif;jpg;jpeg;jpe;resx;tiff;tif;png;wav;mfcribbon-ms</Extensions>
    </Filter>
    <Filter Include="소스 파일\Application">
      <UniqueIdentifier>{d95ad010-ac13-4868-b34d-c8b72446bdff}</UniqueIdentifier>
    </Filter>
    <Filter Include="소스 파일\Application\Field">
      <UniqueIdentifier>{9fbb36eb-13d4-401b-b5d2-7a39de32045f}</UniqueIdentifier>
    </Filter>
    <Filter Include="소스 파일\Application\Sector">
      <UniqueIdentifier>{1c59b8b6-908f-439d-b910-a5f670c1746b}</UniqueIdentifier>
    </Filter>
    <Filter Include="소스 파일\Application\Thread">
      <UniqueIdentifier>{5b8999c3-4ece-414f-8109-6f04b418ab62}</UniqueIdentifier>
    </Filter>
    <Filter Include="소스 파일\Application\Tile">
      <UniqueIdentifier>{b90df5b0-9420-436b-9a1e-138b6d9fa15a}</UniqueIdentifier>
    </Filter>
    <Filter Include="소스 파일\Application\Unit">
      <UniqueIdentifier>{031d8c0e-590b-42e2-a93e-1a59c4b1fb0f}</UniqueIdentifier>
    </Filter>
    <Filter Include="소스 파일\Application\Unit\Monster">
      <UniqueIdentifier>{a226ce38-d5c3-4a5d-8d23-7a7d0d9b6304}</UniqueIdentifier>
    </Filter>
    <Filter Include="소스 파일\Application\Unit\User">
      <UniqueIdentifier>{21d5d75d-a284-4396-a099-043ba86247f2}</UniqueIdentifier>
    </Filter>
    <Filter Include="소스 파일\Application\Acceptor">
      <UniqueIdentifier>{76574a5f-4f21-4fe3-b2aa-45eb407fb0bb}</UniqueIdentifier>
    </Filter>
    <Filter Include="소스 파일\Application\PacketHandler">
      <UniqueIdentifier>{fb11c674-6a8c-4912-86fa-7d671fe90b11}</UniqueIdentifier>
    </Filter>
    <Filter Include="소스 파일\Application\Unit\User\Manager">
      <UniqueIdentifier>{fdb9a7a7-69f7-40b0-934d-079d016e35c2}</UniqueIdentifier>
    </Filter>
    <Filter Include="소스 파일\Application\Connector">
      <UniqueIdentifier>{d040608c-a01f-483c-be6c-6244874e456f}</UniqueIdentifier>
    </Filter>
    <Filter Include="소스 파일\Application\PacketHandler\Packet">
      <UniqueIdentifier>{c2049949-9479-4454-829d-9a532cf90acd}</UniqueIdentifier>
    </Filter>
  </ItemGroup>
  <ItemGroup>
    <ClInclude Include="CommandList.h">
      <Filter>소스 파일\Application\PacketHandler\Packet</Filter>
    </ClInclude>
    <ClInclude Include="packet.h">
      <Filter>소스 파일\Application\PacketHandler\Packet</Filter>
    </ClInclude>
    <ClInclude Include="Sector.h">
      <Filter>소스 파일\Application\Sector</Filter>
    </ClInclude>
    <ClInclude Include="SectorManager.h">
      <Filter>소스 파일\Application\Sector</Filter>
    </ClInclude>
    <ClInclude Include="Field.h">
      <Filter>소스 파일\Application\Field</Filter>
    </ClInclude>
    <ClInclude Include="FieldManager.h">
      <Filter>소스 파일\Application\Field</Filter>
    </ClInclude>
    <ClInclude Include="FieldTilesData.h">
      <Filter>소스 파일\Application\Field</Filter>
    </ClInclude>
    <ClInclude Include="MonsterLogicThread.h">
      <Filter>소스 파일\Application\Thread</Filter>
    </ClInclude>
    <ClInclude Include="PathFinding.h">
      <Filter>소스 파일\Application\Tile</Filter>
    </ClInclude>
    <ClInclude Include="Tile.h">
      <Filter>소스 파일\Application\Tile</Filter>
    </ClInclude>
    <ClInclude Include="Unit.h">
      <Filter>소스 파일\Application\Unit</Filter>
    </ClInclude>
    <ClInclude Include="UnitInfo.h">
      <Filter>소스 파일\Application\Unit</Filter>
    </ClInclude>
    <ClInclude Include="Monster.h">
      <Filter>소스 파일\Application\Unit\Monster</Filter>
    </ClInclude>
    <ClInclude Include="User.h">
      <Filter>소스 파일\Application\Unit\User</Filter>
    </ClInclude>
    <ClInclude Include="UserInfo.h">
      <Filter>소스 파일\Application\Unit\User</Filter>
    </ClInclude>
    <ClInclude Include="Vector.h">
      <Filter>소스 파일\Application\Tile</Filter>
    </ClInclude>
    <ClInclude Include="stdafx.h">
      <Filter>헤더 파일</Filter>
    </ClInclude>
    <ClInclude Include="ZoneServer.h">
      <Filter>소스 파일\Application</Filter>
    </ClInclude>
    <ClInclude Include="DBConnector.h">
      <Filter>소스 파일\Application\Connector</Filter>
    </ClInclude>
    <ClInclude Include="Acceptor.h">
      <Filter>소스 파일\Application\Acceptor</Filter>
    </ClInclude>
    <ClInclude Include="MainThread.h">
      <Filter>소스 파일\Application\Thread</Filter>
    </ClInclude>
    <ClInclude Include="PacketHandler.h">
      <Filter>소스 파일\Application\PacketHandler</Filter>
    </ClInclude>
    <ClInclude Include="UserManager.h">
      <Filter>소스 파일\Application\Unit\User\Manager</Filter>
    </ClInclude>
    <ClInclude Include="LogInConnector.h">
      <Filter>소스 파일\Application\Connector</Filter>
    </ClInclude>
    <ClInclude Include="ThreadSchedular.h">
      <Filter>소스 파일\Application\Thread</Filter>
    </ClInclude>
  </ItemGroup>
  <ItemGroup>
    <ClCompile Include="Sector.cpp">
      <Filter>소스 파일\Application\Sector</Filter>
    </ClCompile>
    <ClCompile Include="SectorManager.cpp">
      <Filter>소스 파일\Application\Sector</Filter>
    </ClCompile>
    <ClCompile Include="Field.cpp">
      <Filter>소스 파일\Application\Field</Filter>
    </ClCompile>
    <ClCompile Include="FieldManager.cpp">
      <Filter>소스 파일\Application\Field</Filter>
    </ClCompile>
    <ClCompile Include="FieldTilesData.cpp">
      <Filter>소스 파일\Application\Field</Filter>
    </ClCompile>
    <ClCompile Include="MonsterLogicThread.cpp">
      <Filter>소스 파일\Application\Thread</Filter>
    </ClCompile>
    <ClCompile Include="Unit.cpp">
      <Filter>소스 파일\Application\Unit</Filter>
    </ClCompile>
    <ClCompile Include="Monster.cpp">
      <Filter>소스 파일\Application\Unit\Monster</Filter>
    </ClCompile>
    <ClCompile Include="User.cpp">
      <Filter>소스 파일\Application\Unit\User</Filter>
    </ClCompile>
    <ClCompile Include="ZoneServer.cpp">
      <Filter>소스 파일\Application</Filter>
    </ClCompile>
    <ClCompile Include="main.cpp">
      <Filter>소스 파일</Filter>
    </ClCompile>
    <ClCompile Include="DBConnector.cpp">
      <Filter>소스 파일\Application\Connector</Filter>
    </ClCompile>
    <ClCompile Include="Acceptor.cpp">
      <Filter>소스 파일\Application\Acceptor</Filter>
    </ClCompile>
    <ClCompile Include="MainThread.cpp">
      <Filter>소스 파일\Application\Thread</Filter>
    </ClCompile>
    <ClCompile Include="PacketHandler.cpp">
      <Filter>소스 파일\Application\PacketHandler</Filter>
    </ClCompile>
    <ClCompile Include="UserManager.cpp">
      <Filter>소스 파일\Application\Unit\User\Manager</Filter>
    </ClCompile>
    <ClCompile Include="LogInConnector.cpp">
      <Filter>소스 파일\Application\Connector</Filter>
    </ClCompile>
    <ClCompile Include="ThreadSchedular.cpp">
      <Filter>소스 파일\Application\Thread</Filter>
    </ClCompile>
  </ItemGroup>
</Project>