<?xml version="1.0" encoding="utf-8"?>
<Project ToolsVersion="4.0" xmlns="http://schemas.microsoft.com/developer/msbuild/2003">
  <ItemGroup>
    <Filter Include="소스 파일">
      <UniqueIdentifier>{4FC737F1-C7A5-4376-A066-2A32D752A2FF}</UniqueIdentifier>
      <Extensions>cpp;c;cc;cxx;def;odl;idl;hpj;bat;asm;asmx</Extensions>
    </Filter>
    <Filter Include="헤더 파일">
      <UniqueIdentifier>{93995380-89BD-4b04-88EB-625FBE52EBFB}</UniqueIdentifier>
      <Extensions>h;hh;hpp;hxx;hm;inl;inc;ipp;xsd</Extensions>
    </Filter>
    <Filter Include="리소스 파일">
      <UniqueIdentifier>{67DA6AB6-F800-4c08-8B7A-83BB121AAD01}</UniqueIdentifier>
      <Extensions>rc;ico;cur;bmp;dlg;rc2;rct;bin;rgs;gif;jpg;jpeg;jpe;resx;tiff;tif;png;wav;mfcribbon-ms</Extensions>
    </Filter>
    <Filter Include="소스 파일\Library">
      <UniqueIdentifier>{a1ff49f3-f7dd-406f-81c0-913dfa2022f1}</UniqueIdentifier>
    </Filter>
    <Filter Include="소스 파일\Application">
      <UniqueIdentifier>{d95ad010-ac13-4868-b34d-c8b72446bdff}</UniqueIdentifier>
    </Filter>
    <Filter Include="소스 파일\Library\Session">
      <UniqueIdentifier>{5283ec60-65f3-45fa-8937-637235f3d35e}</UniqueIdentifier>
    </Filter>
    <Filter Include="소스 파일\Library\IOCP">
      <UniqueIdentifier>{c78021c0-9caa-4c00-a633-bab28b11c7a6}</UniqueIdentifier>
    </Filter>
    <Filter Include="소스 파일\Application\DBConnector">
      <UniqueIdentifier>{d040608c-a01f-483c-be6c-6244874e456f}</UniqueIdentifier>
    </Filter>
    <Filter Include="소스 파일\Application\Packet">
      <UniqueIdentifier>{c2049949-9479-4454-829d-9a532cf90acd}</UniqueIdentifier>
    </Filter>
    <Filter Include="소스 파일\Application\Field">
      <UniqueIdentifier>{9fbb36eb-13d4-401b-b5d2-7a39de32045f}</UniqueIdentifier>
    </Filter>
    <Filter Include="소스 파일\Application\Sector">
      <UniqueIdentifier>{1c59b8b6-908f-439d-b910-a5f670c1746b}</UniqueIdentifier>
    </Filter>
    <Filter Include="소스 파일\Application\Thread">
      <UniqueIdentifier>{5b8999c3-4ece-414f-8109-6f04b418ab62}</UniqueIdentifier>
    </Filter>
    <Filter Include="소스 파일\Application\Tile">
      <UniqueIdentifier>{b90df5b0-9420-436b-9a1e-138b6d9fa15a}</UniqueIdentifier>
    </Filter>
    <Filter Include="소스 파일\Application\Unit">
      <UniqueIdentifier>{031d8c0e-590b-42e2-a93e-1a59c4b1fb0f}</UniqueIdentifier>
    </Filter>
    <Filter Include="소스 파일\Application\Unit\Monster">
      <UniqueIdentifier>{a226ce38-d5c3-4a5d-8d23-7a7d0d9b6304}</UniqueIdentifier>
    </Filter>
    <Filter Include="소스 파일\Application\Unit\User">
      <UniqueIdentifier>{21d5d75d-a284-4396-a099-043ba86247f2}</UniqueIdentifier>
    </Filter>
    <Filter Include="소스 파일\Library\IOCP\WorkerThread">
      <UniqueIdentifier>{15f684a0-253c-4362-a2d3-b89384d2fe0a}</UniqueIdentifier>
    </Filter>
    <Filter Include="소스 파일\Application\Thread\HeartBeat">
      <UniqueIdentifier>{a3aeb354-3619-4ce9-a713-1e166af7f129}</UniqueIdentifier>
    </Filter>
    <Filter Include="소스 파일\Library\Session\Manager">
      <UniqueIdentifier>{8636f1b8-5e8d-48c0-bbd7-20271c1e98e8}</UniqueIdentifier>
    </Filter>
    <Filter Include="소스 파일\Application\Acceptor">
      <UniqueIdentifier>{76574a5f-4f21-4fe3-b2aa-45eb407fb0bb}</UniqueIdentifier>
    </Filter>
    <Filter Include="소스 파일\Library\Session\Variation">
      <UniqueIdentifier>{b385d119-5f1f-4b70-993d-a3fbfd29f7ce}</UniqueIdentifier>
    </Filter>
    <Filter Include="소스 파일\Application\PacketHandler">
      <UniqueIdentifier>{fb11c674-6a8c-4912-86fa-7d671fe90b11}</UniqueIdentifier>
    </Filter>
    <Filter Include="소스 파일\Application\UserManager">
      <UniqueIdentifier>{b022b4ad-adf7-44c6-891c-e2c884c77ecb}</UniqueIdentifier>
    </Filter>
  </ItemGroup>
  <ItemGroup>
    <ClInclude Include="SendBuffer.h">
      <Filter>소스 파일\Library</Filter>
    </ClInclude>
    <ClInclude Include="Session.h">
      <Filter>소스 파일\Library\Session</Filter>
    </ClInclude>
    <ClInclude Include="IOCPClass.h">
      <Filter>소스 파일\Library\IOCP</Filter>
    </ClInclude>
    <ClInclude Include="HeartBeatThread.h">
      <Filter>소스 파일\Application\Thread\HeartBeat</Filter>
    </ClInclude>
    <ClInclude Include="CommandList.h">
      <Filter>소스 파일\Application\Packet</Filter>
    </ClInclude>
    <ClInclude Include="packet.h">
      <Filter>소스 파일\Application\Packet</Filter>
    </ClInclude>
    <ClInclude Include="Sector.h">
      <Filter>소스 파일\Application\Sector</Filter>
    </ClInclude>
    <ClInclude Include="SectorManager.h">
      <Filter>소스 파일\Application\Sector</Filter>
    </ClInclude>
    <ClInclude Include="Field.h">
      <Filter>소스 파일\Application\Field</Filter>
    </ClInclude>
    <ClInclude Include="FieldManager.h">
      <Filter>소스 파일\Application\Field</Filter>
    </ClInclude>
    <ClInclude Include="FieldTilesData.h">
      <Filter>소스 파일\Application\Field</Filter>
    </ClInclude>
    <ClInclude Include="MonsterLogicThread.h">
      <Filter>소스 파일\Application\Thread</Filter>
    </ClInclude>
    <ClInclude Include="PathFinding.h">
      <Filter>소스 파일\Application\Tile</Filter>
    </ClInclude>
    <ClInclude Include="Tile.h">
      <Filter>소스 파일\Application\Tile</Filter>
    </ClInclude>
    <ClInclude Include="Unit.h">
      <Filter>소스 파일\Application\Unit</Filter>
    </ClInclude>
    <ClInclude Include="UnitInfo.h">
      <Filter>소스 파일\Application\Unit</Filter>
    </ClInclude>
    <ClInclude Include="Monster.h">
      <Filter>소스 파일\Application\Unit\Monster</Filter>
    </ClInclude>
    <ClInclude Include="User.h">
      <Filter>소스 파일\Application\Unit\User</Filter>
    </ClInclude>
    <ClInclude Include="UserInfo.h">
      <Filter>소스 파일\Application\Unit\User</Filter>
    </ClInclude>
    <ClInclude Include="Vector.h">
      <Filter>소스 파일\Application\Tile</Filter>
    </ClInclude>
    <ClInclude Include="stdafx.h">
      <Filter>헤더 파일</Filter>
    </ClInclude>
    <ClInclude Include="ZoneServer.h">
      <Filter>소스 파일\Application</Filter>
    </ClInclude>
    <ClInclude Include="WorkerThread.h">
      <Filter>소스 파일\Library\IOCP\WorkerThread</Filter>
    </ClInclude>
    <ClInclude Include="DBConnector.h">
      <Filter>소스 파일\Application\DBConnector</Filter>
    </ClInclude>
    <ClInclude Include="Receiver.h">
      <Filter>소스 파일\Library\Session</Filter>
    </ClInclude>
    <ClInclude Include="Sender.h">
      <Filter>소스 파일\Library\Session</Filter>
    </ClInclude>
    <ClInclude Include="ClientSession.h">
      <Filter>소스 파일\Library\Session\Variation</Filter>
    </ClInclude>
    <ClInclude Include="Acceptor.h">
      <Filter>소스 파일\Application\Acceptor</Filter>
    </ClInclude>
    <ClInclude Include="AcceptorSession.h">
      <Filter>소스 파일\Library\Session\Variation</Filter>
    </ClInclude>
    <ClInclude Include="MainThread.h">
      <Filter>소스 파일\Application\Thread</Filter>
    </ClInclude>
    <ClInclude Include="PacketHandler.h">
      <Filter>소스 파일\Application\PacketHandler</Filter>
    </ClInclude>
    <ClInclude Include="UserManager.h">
      <Filter>소스 파일\Application\UserManager</Filter>
    </ClInclude>
  </ItemGroup>
  <ItemGroup>
    <ClCompile Include="Session.cpp">
      <Filter>소스 파일\Library\Session</Filter>
    </ClCompile>
    <ClCompile Include="IOCPClass.cpp">
      <Filter>소스 파일\Library\IOCP</Filter>
    </ClCompile>
    <ClCompile Include="HeartBeatThread.cpp">
      <Filter>소스 파일\Application\Thread\HeartBeat</Filter>
    </ClCompile>
    <ClCompile Include="Sector.cpp">
      <Filter>소스 파일\Application\Sector</Filter>
    </ClCompile>
    <ClCompile Include="SectorManager.cpp">
      <Filter>소스 파일\Application\Sector</Filter>
    </ClCompile>
    <ClCompile Include="Field.cpp">
      <Filter>소스 파일\Application\Field</Filter>
    </ClCompile>
    <ClCompile Include="FieldManager.cpp">
      <Filter>소스 파일\Application\Field</Filter>
    </ClCompile>
    <ClCompile Include="FieldTilesData.cpp">
      <Filter>소스 파일\Application\Field</Filter>
    </ClCompile>
    <ClCompile Include="MonsterLogicThread.cpp">
      <Filter>소스 파일\Application\Thread</Filter>
    </ClCompile>
    <ClCompile Include="Unit.cpp">
      <Filter>소스 파일\Application\Unit</Filter>
    </ClCompile>
    <ClCompile Include="Monster.cpp">
      <Filter>소스 파일\Application\Unit\Monster</Filter>
    </ClCompile>
    <ClCompile Include="User.cpp">
      <Filter>소스 파일\Application\Unit\User</Filter>
    </ClCompile>
    <ClCompile Include="ZoneServer.cpp">
      <Filter>소스 파일\Application</Filter>
    </ClCompile>
    <ClCompile Include="main.cpp">
      <Filter>소스 파일</Filter>
    </ClCompile>
    <ClCompile Include="WorkerThread.cpp">
      <Filter>소스 파일\Library\IOCP\WorkerThread</Filter>
    </ClCompile>
    <ClCompile Include="DBConnector.cpp">
      <Filter>소스 파일\Application\DBConnector</Filter>
    </ClCompile>
    <ClCompile Include="Receiver.cpp">
      <Filter>소스 파일\Library\Session</Filter>
    </ClCompile>
    <ClCompile Include="Sender.cpp">
      <Filter>소스 파일\Library\Session</Filter>
    </ClCompile>
    <ClCompile Include="ClientSession.cpp">
      <Filter>소스 파일\Library\Session\Variation</Filter>
    </ClCompile>
    <ClCompile Include="Acceptor.cpp">
      <Filter>소스 파일\Application\Acceptor</Filter>
    </ClCompile>
    <ClCompile Include="AcceptorSession.cpp">
      <Filter>소스 파일\Library\Session\Variation</Filter>
    </ClCompile>
    <ClCompile Include="MainThread.cpp">
      <Filter>소스 파일\Application\Thread</Filter>
    </ClCompile>
    <ClCompile Include="PacketHandler.cpp">
      <Filter>소스 파일\Application\PacketHandler</Filter>
    </ClCompile>
    <ClCompile Include="UserManager.cpp">
      <Filter>소스 파일\Application\UserManager</Filter>
    </ClCompile>
  </ItemGroup>
</Project>