<?xml version="1.0" encoding="utf-8"?>
<Project ToolsVersion="4.0" xmlns="http://schemas.microsoft.com/developer/msbuild/2003">
  <ItemGroup>
    <Filter Include="소스 파일">
      <UniqueIdentifier>{4FC737F1-C7A5-4376-A066-2A32D752A2FF}</UniqueIdentifier>
      <Extensions>cpp;c;cc;cxx;def;odl;idl;hpj;bat;asm;asmx</Extensions>
    </Filter>
    <Filter Include="리소스 파일">
      <UniqueIdentifier>{67DA6AB6-F800-4c08-8B7A-83BB121AAD01}</UniqueIdentifier>
      <Extensions>rc;ico;cur;bmp;dlg;rc2;rct;bin;rgs;gif;jpg;jpeg;jpe;resx;tiff;tif;png;wav;mfcribbon-ms</Extensions>
    </Filter>
    <Filter Include="소스 파일\Application">
      <UniqueIdentifier>{c85ed95e-ef5e-4384-8aaa-98d001e560d8}</UniqueIdentifier>
    </Filter>
    <Filter Include="소스 파일\Library">
      <UniqueIdentifier>{1cb27f71-006a-45de-8e5a-1b4522d2c7b1}</UniqueIdentifier>
    </Filter>
    <Filter Include="소스 파일\Library\IOCPClass">
      <UniqueIdentifier>{460be8e7-14f7-4e9b-8bb6-fd985d83e245}</UniqueIdentifier>
    </Filter>
    <Filter Include="소스 파일\Library\IOCPClass\WorkerThread">
      <UniqueIdentifier>{a4b6dfb0-1b02-4d93-96d5-cd59fdf7d414}</UniqueIdentifier>
    </Filter>
    <Filter Include="소스 파일\Library\Session">
      <UniqueIdentifier>{4bb8a25b-6b54-4cd8-9f5a-d35827a0f1a4}</UniqueIdentifier>
    </Filter>
    <Filter Include="소스 파일\Library\Util">
      <UniqueIdentifier>{e74edf62-95a4-4d8f-b941-c7a8e4a53346}</UniqueIdentifier>
    </Filter>
    <Filter Include="소스 파일\Library\Util\Buffer">
      <UniqueIdentifier>{3d241236-5f92-4636-8e93-6b3f268fa33d}</UniqueIdentifier>
    </Filter>
    <Filter Include="소스 파일\Library\Util\Buffer\RingBuffer">
      <UniqueIdentifier>{9cf1d245-1740-40b2-ac44-f93c0e004198}</UniqueIdentifier>
    </Filter>
    <Filter Include="소스 파일\Library\Util\Buffer\CircBuffer">
      <UniqueIdentifier>{a9709a6b-2062-4c13-a9f6-536aaae6b6cb}</UniqueIdentifier>
    </Filter>
    <Filter Include="소스 파일\Library\Util\CriticalSection">
      <UniqueIdentifier>{ab25b8b2-42a4-488e-8b79-53f1155bbde4}</UniqueIdentifier>
    </Filter>
    <Filter Include="소스 파일\Library\Util\ObjectPool">
      <UniqueIdentifier>{78c94e3a-d2c3-4d51-83a5-0d2dc19711ed}</UniqueIdentifier>
    </Filter>
    <Filter Include="소스 파일\Library\Util\Singleton">
      <UniqueIdentifier>{c502b041-68c5-498d-8d0a-d64e8f45cdbf}</UniqueIdentifier>
    </Filter>
    <Filter Include="소스 파일\Library\Util\ThreadClass">
      <UniqueIdentifier>{7a6cd7ef-71bb-4abe-8e01-94dff4d62bd3}</UniqueIdentifier>
    </Filter>
    <Filter Include="소스 파일\Application\Packet">
      <UniqueIdentifier>{5a043b1d-316a-47a9-a795-075f60d04329}</UniqueIdentifier>
    </Filter>
    <Filter Include="소스 파일\Application\Util">
      <UniqueIdentifier>{4d1f8c52-6116-45fd-9c43-8a06c451810c}</UniqueIdentifier>
    </Filter>
    <Filter Include="소스 파일\Application\Unit">
      <UniqueIdentifier>{86d0abf0-9074-43d7-806b-7cbc241f8310}</UniqueIdentifier>
    </Filter>
    <Filter Include="소스 파일\Application\Unit\User">
      <UniqueIdentifier>{8ad38150-0264-43ab-be13-845123d917a0}</UniqueIdentifier>
    </Filter>
    <Filter Include="소스 파일\Application\Tile">
      <UniqueIdentifier>{a7fb3ab1-3d9c-4509-86f3-b576466021cb}</UniqueIdentifier>
    </Filter>
    <Filter Include="소스 파일\Library\Util\Buffer\TempBuffer">
      <UniqueIdentifier>{1f8b52ac-e30a-4d78-9fa6-20603afccbb9}</UniqueIdentifier>
    </Filter>
    <Filter Include="헤더 파일">
      <UniqueIdentifier>{93995380-89BD-4b04-88EB-625FBE52EBFB}</UniqueIdentifier>
      <Extensions>h;hh;hpp;hxx;hm;inl;inc;ipp;xsd</Extensions>
    </Filter>
    <Filter Include="소스 파일\Library\ListenClass">
      <UniqueIdentifier>{bdebb1c6-ffa0-480a-ae43-8af6b41e032a}</UniqueIdentifier>
    </Filter>
    <Filter Include="소스 파일\Application\Server">
      <UniqueIdentifier>{982d0083-00ae-4447-a0af-015f19d14956}</UniqueIdentifier>
    </Filter>
    <Filter Include="소스 파일\Application\Server\Zone">
      <UniqueIdentifier>{32e89043-d9e6-4081-ad39-f452bf1ceb0f}</UniqueIdentifier>
    </Filter>
    <Filter Include="소스 파일\Application\Server\Zone\Manager">
      <UniqueIdentifier>{9c025ee9-6c7d-45d8-981b-9617116a5f43}</UniqueIdentifier>
    </Filter>
    <Filter Include="소스 파일\Application\Server\Thread">
      <UniqueIdentifier>{c6f08c71-f17c-4ef1-8b1e-81974b1262c2}</UniqueIdentifier>
    </Filter>
    <Filter Include="소스 파일\Application\Unit\Monster">
      <UniqueIdentifier>{a1cd7bc2-210f-4212-a05a-fa8024e1a623}</UniqueIdentifier>
    </Filter>
    <Filter Include="소스 파일\Library\Util\SharedQueue">
      <UniqueIdentifier>{475fdf28-ad75-4ff6-aab8-d7d1d0d8c6ab}</UniqueIdentifier>
    </Filter>
    <Filter Include="소스 파일\Library\Thread">
      <UniqueIdentifier>{bc56ec4c-ce6a-4909-80d3-69630079ea6f}</UniqueIdentifier>
    </Filter>
    <Filter Include="소스 파일\Library\MYSQL">
      <UniqueIdentifier>{de374d28-35d5-43f6-a438-eeb062e6f819}</UniqueIdentifier>
    </Filter>
    <Filter Include="소스 파일\Application\Server\Section">
      <UniqueIdentifier>{4f7869c8-97ca-4b0e-b061-06b31b4049e0}</UniqueIdentifier>
    </Filter>
  </ItemGroup>
  <ItemGroup>
    <ClCompile Include="IOCPClass.cpp">
      <Filter>소스 파일\Library\IOCPClass</Filter>
    </ClCompile>
    <ClCompile Include="WorkerThread.cpp">
      <Filter>소스 파일\Library\IOCPClass\WorkerThread</Filter>
    </ClCompile>
    <ClCompile Include="CriticalSectionClass.cpp">
      <Filter>소스 파일\Library\Util\CriticalSection</Filter>
    </ClCompile>
    <ClCompile Include="main.cpp">
      <Filter>소스 파일</Filter>
    </ClCompile>
    <ClCompile Include="RingBuffer.cpp">
      <Filter>소스 파일\Library\Util\Buffer\RingBuffer</Filter>
    </ClCompile>
    <ClCompile Include="User.cpp">
      <Filter>소스 파일\Application\Unit\User</Filter>
    </ClCompile>
    <ClCompile Include="Unit.cpp">
      <Filter>소스 파일\Application\Unit</Filter>
    </ClCompile>
    <ClCompile Include="Zone.cpp">
      <Filter>소스 파일\Application\Server\Zone</Filter>
    </ClCompile>
    <ClCompile Include="ZoneManager.cpp">
      <Filter>소스 파일\Application\Server\Zone\Manager</Filter>
    </ClCompile>
    <ClCompile Include="ListenClass.cpp">
      <Filter>소스 파일\Library\ListenClass</Filter>
    </ClCompile>
    <ClCompile Include="Session.cpp">
      <Filter>소스 파일\Library\Session</Filter>
    </ClCompile>
    <ClCompile Include="SessionManager.cpp">
      <Filter>소스 파일\Library\Session</Filter>
    </ClCompile>
    <ClCompile Include="ServerLogicThread.cpp">
      <Filter>소스 파일\Application\Server\Thread</Filter>
    </ClCompile>
    <ClCompile Include="MonsterLogicThread.cpp">
      <Filter>소스 파일\Application\Server\Thread</Filter>
    </ClCompile>
    <ClCompile Include="Monster.cpp">
      <Filter>소스 파일\Application\Unit\Monster</Filter>
    </ClCompile>
    <ClCompile Include="ZoneTilesData.cpp">
      <Filter>소스 파일\Application\Server\Zone</Filter>
    </ClCompile>
    <ClCompile Include="HeartBeatThread.cpp">
      <Filter>소스 파일\Library\Thread</Filter>
    </ClCompile>
    <ClCompile Include="MySQLClass.cpp">
      <Filter>소스 파일\Library\MYSQL</Filter>
    </ClCompile>
    <ClCompile Include="RPGServer.cpp">
      <Filter>소스 파일\Application</Filter>
    </ClCompile>
    <ClCompile Include="Section.cpp">
      <Filter>소스 파일\Application\Server\Section</Filter>
    </ClCompile>
    <ClCompile Include="SectionManager.cpp">
      <Filter>소스 파일\Application\Server\Section</Filter>
    </ClCompile>
  </ItemGroup>
  <ItemGroup>
    <ClInclude Include="IOCPClass.h">
      <Filter>소스 파일\Library\IOCPClass</Filter>
    </ClInclude>
    <ClInclude Include="WorkerThread.h">
      <Filter>소스 파일\Library\IOCPClass\WorkerThread</Filter>
    </ClInclude>
    <ClInclude Include="Session.h">
      <Filter>소스 파일\Library\Session</Filter>
    </ClInclude>
    <ClInclude Include="SessionManager.h">
      <Filter>소스 파일\Library\Session</Filter>
    </ClInclude>
    <ClInclude Include="CircBuf.h">
      <Filter>소스 파일\Library\Util\Buffer\CircBuffer</Filter>
    </ClInclude>
    <ClInclude Include="CriticalSectionClass.h">
      <Filter>소스 파일\Library\Util\CriticalSection</Filter>
    </ClInclude>
    <ClInclude Include="ObjectPool.h">
      <Filter>소스 파일\Library\Util\ObjectPool</Filter>
    </ClInclude>
    <ClInclude Include="singletonBase.h">
      <Filter>소스 파일\Library\Util\Singleton</Filter>
    </ClInclude>
    <ClInclude Include="ThreadClass.h">
      <Filter>소스 파일\Library\Util\ThreadClass</Filter>
    </ClInclude>
    <ClInclude Include="stdafx.h">
      <Filter>헤더 파일</Filter>
    </ClInclude>
    <ClInclude Include="packet.h">
      <Filter>소스 파일\Application\Packet</Filter>
    </ClInclude>
    <ClInclude Include="RingBuffer.h">
      <Filter>소스 파일\Library\Util\Buffer\RingBuffer</Filter>
    </ClInclude>
    <ClInclude Include="User.h">
      <Filter>소스 파일\Application\Unit\User</Filter>
    </ClInclude>
    <ClInclude Include="UserInfo.h">
      <Filter>소스 파일\Application\Unit\User</Filter>
    </ClInclude>
    <ClInclude Include="ListenClass.h">
      <Filter>소스 파일\Library\ListenClass</Filter>
    </ClInclude>
    <ClInclude Include="CommandList.h">
      <Filter>소스 파일\Application\Packet</Filter>
    </ClInclude>
    <ClInclude Include="Unit.h">
      <Filter>소스 파일\Application\Unit</Filter>
    </ClInclude>
    <ClInclude Include="UnitInfo.h">
      <Filter>소스 파일\Application\Unit</Filter>
    </ClInclude>
    <ClInclude Include="Zone.h">
      <Filter>소스 파일\Application\Server\Zone</Filter>
    </ClInclude>
    <ClInclude Include="ZoneManager.h">
      <Filter>소스 파일\Application\Server\Zone\Manager</Filter>
    </ClInclude>
    <ClInclude Include="Tile.h">
      <Filter>소스 파일\Application\Tile</Filter>
    </ClInclude>
    <ClInclude Include="PathFinding.h">
      <Filter>소스 파일\Application\Tile</Filter>
    </ClInclude>
    <ClInclude Include="Vector.h">
      <Filter>소스 파일\Application\Packet</Filter>
    </ClInclude>
    <ClInclude Include="ManagerFrame.h">
      <Filter>소스 파일\Library\Util</Filter>
    </ClInclude>
    <ClInclude Include="ServerLogicThread.h">
      <Filter>소스 파일\Application\Server\Thread</Filter>
    </ClInclude>
    <ClInclude Include="MonsterLogicThread.h">
      <Filter>소스 파일\Application\Server\Thread</Filter>
    </ClInclude>
    <ClInclude Include="ZoneTilesData.h">
      <Filter>소스 파일\Application\Server\Zone</Filter>
    </ClInclude>
    <ClInclude Include="SharedQueue.h">
      <Filter>소스 파일\Library\Util\SharedQueue</Filter>
    </ClInclude>
    <ClInclude Include="IpEndPoint.h">
      <Filter>소스 파일\Library\ListenClass</Filter>
    </ClInclude>
    <ClInclude Include="HeartBeatThread.h">
      <Filter>소스 파일\Library\Thread</Filter>
    </ClInclude>
    <ClInclude Include="Monster.h">
      <Filter>소스 파일\Application\Unit\Monster</Filter>
    </ClInclude>
    <ClInclude Include="MySQLClass.h">
      <Filter>소스 파일\Library\MYSQL</Filter>
    </ClInclude>
    <ClInclude Include="SendBuffer.h">
      <Filter>소스 파일\Library\Util\Buffer\TempBuffer</Filter>
    </ClInclude>
    <ClInclude Include="RPGServer.h">
      <Filter>소스 파일\Application</Filter>
    </ClInclude>
    <ClInclude Include="Section.h">
      <Filter>소스 파일\Application\Server\Section</Filter>
    </ClInclude>
    <ClInclude Include="SectionManager.h">
      <Filter>소스 파일\Application\Server\Section</Filter>
    </ClInclude>
  </ItemGroup>
</Project>