<?xml version="1.0" encoding="utf-8"?>
<Project ToolsVersion="4.0" xmlns="http://schemas.microsoft.com/developer/msbuild/2003">
  <ItemGroup>
    <Filter Include="소스 파일">
      <UniqueIdentifier>{4FC737F1-C7A5-4376-A066-2A32D752A2FF}</UniqueIdentifier>
      <Extensions>cpp;c;cc;cxx;def;odl;idl;hpj;bat;asm;asmx</Extensions>
    </Filter>
    <Filter Include="헤더 파일">
      <UniqueIdentifier>{93995380-89BD-4b04-88EB-625FBE52EBFB}</UniqueIdentifier>
      <Extensions>h;hh;hpp;hxx;hm;inl;inc;ipp;xsd</Extensions>
    </Filter>
    <Filter Include="리소스 파일">
      <UniqueIdentifier>{67DA6AB6-F800-4c08-8B7A-83BB121AAD01}</UniqueIdentifier>
      <Extensions>rc;ico;cur;bmp;dlg;rc2;rct;bin;rgs;gif;jpg;jpeg;jpe;resx;tiff;tif;png;wav;mfcribbon-ms</Extensions>
    </Filter>
    <Filter Include="소스 파일\IOCP">
      <UniqueIdentifier>{dc7d91a1-7474-4f78-ba8c-5dcda7eef7bc}</UniqueIdentifier>
    </Filter>
    <Filter Include="소스 파일\Buffer">
      <UniqueIdentifier>{15ceb721-08d1-40c8-b6cd-71eaa25ec17f}</UniqueIdentifier>
    </Filter>
    <Filter Include="소스 파일\Session">
      <UniqueIdentifier>{11cec5e5-dcbe-4835-a746-6e3732ed2afd}</UniqueIdentifier>
    </Filter>
    <Filter Include="소스 파일\App">
      <UniqueIdentifier>{5e24d069-a550-41c8-8328-bf6f78b127de}</UniqueIdentifier>
    </Filter>
    <Filter Include="소스 파일\Dummy">
      <UniqueIdentifier>{3ebc9b14-fe41-4ed2-8ed2-27271bb31059}</UniqueIdentifier>
    </Filter>
    <Filter Include="소스 파일\FieldData">
      <UniqueIdentifier>{4235eaac-0910-4090-a0da-102d9d73c1c4}</UniqueIdentifier>
    </Filter>
  </ItemGroup>
  <ItemGroup>
    <ClInclude Include="ThreadClass.h">
      <Filter>헤더 파일</Filter>
    </ClInclude>
    <ClInclude Include="stdafx.h">
      <Filter>헤더 파일</Filter>
    </ClInclude>
    <ClInclude Include="packet.h">
      <Filter>헤더 파일</Filter>
    </ClInclude>
    <ClInclude Include="CommandList.h">
      <Filter>헤더 파일</Filter>
    </ClInclude>
    <ClInclude Include="UnitInfo.h">
      <Filter>헤더 파일</Filter>
    </ClInclude>
    <ClInclude Include="Vector.h">
      <Filter>헤더 파일</Filter>
    </ClInclude>
    <ClInclude Include="IOCPClass.h">
      <Filter>소스 파일\IOCP</Filter>
    </ClInclude>
    <ClInclude Include="WorkerThread.h">
      <Filter>소스 파일\IOCP</Filter>
    </ClInclude>
    <ClInclude Include="RingBuffer.h">
      <Filter>소스 파일\Buffer</Filter>
    </ClInclude>
    <ClInclude Include="SendBuffer.h">
      <Filter>소스 파일\Buffer</Filter>
    </ClInclude>
    <ClInclude Include="Session.h">
      <Filter>소스 파일\Session</Filter>
    </ClInclude>
    <ClInclude Include="IpEndPoint.h">
      <Filter>헤더 파일</Filter>
    </ClInclude>
    <ClInclude Include="App.h">
      <Filter>소스 파일\App</Filter>
    </ClInclude>
    <ClInclude Include="Dummy.h">
      <Filter>소스 파일\Dummy</Filter>
    </ClInclude>
    <ClInclude Include="Tile.h">
      <Filter>헤더 파일</Filter>
    </ClInclude>
    <ClInclude Include="PathFinding.h">
      <Filter>헤더 파일</Filter>
    </ClInclude>
    <ClInclude Include="FieldTilesData.h">
      <Filter>소스 파일\FieldData</Filter>
    </ClInclude>
    <ClInclude Include="loginDummy.h">
      <Filter>소스 파일\Dummy</Filter>
    </ClInclude>
  </ItemGroup>
  <ItemGroup>
    <ClCompile Include="main.cpp">
      <Filter>소스 파일</Filter>
    </ClCompile>
    <ClCompile Include="IOCPClass.cpp">
      <Filter>소스 파일\IOCP</Filter>
    </ClCompile>
    <ClCompile Include="WorkerThread.cpp">
      <Filter>소스 파일\IOCP</Filter>
    </ClCompile>
    <ClCompile Include="RingBuffer.cpp">
      <Filter>소스 파일\Buffer</Filter>
    </ClCompile>
    <ClCompile Include="Session.cpp">
      <Filter>소스 파일\Session</Filter>
    </ClCompile>
    <ClCompile Include="App.cpp">
      <Filter>소스 파일\App</Filter>
    </ClCompile>
    <ClCompile Include="Dummy.cpp">
      <Filter>소스 파일\Dummy</Filter>
    </ClCompile>
    <ClCompile Include="FieldTilesData.cpp">
      <Filter>소스 파일\FieldData</Filter>
    </ClCompile>
    <ClCompile Include="loginDummy.cpp">
      <Filter>소스 파일\Dummy</Filter>
    </ClCompile>
  </ItemGroup>
</Project>