<?xml version="1.0" encoding="utf-8"?>
<Project ToolsVersion="4.0" xmlns="http://schemas.microsoft.com/developer/msbuild/2003">
  <ItemGroup>
    <Filter Include="리소스 파일">
      <UniqueIdentifier>{67DA6AB6-F800-4c08-8B7A-83BB121AAD01}</UniqueIdentifier>
      <Extensions>rc;ico;cur;bmp;dlg;rc2;rct;bin;rgs;gif;jpg;jpeg;jpe;resx;tiff;tif;png;wav;mfcribbon-ms</Extensions>
    </Filter>
    <Filter Include="리소스 파일\Session">
      <UniqueIdentifier>{a7ffb16c-71c7-44b8-8904-7cbbc0d3be6c}</UniqueIdentifier>
    </Filter>
    <Filter Include="리소스 파일\Lock">
      <UniqueIdentifier>{dffab3f1-efa5-44dd-af83-d756ce9c2a6a}</UniqueIdentifier>
    </Filter>
    <Filter Include="리소스 파일\IOCP">
      <UniqueIdentifier>{53bde7ec-b0b0-4e7f-9e24-3130bf1d3868}</UniqueIdentifier>
    </Filter>
    <Filter Include="리소스 파일\IOCP\WorkerThread">
      <UniqueIdentifier>{a4be4b80-1479-4a88-970b-c4043c01e972}</UniqueIdentifier>
    </Filter>
    <Filter Include="리소스 파일\Container">
      <UniqueIdentifier>{926aec75-62f1-40a7-a145-4ce8fb073726}</UniqueIdentifier>
    </Filter>
    <Filter Include="리소스 파일\Session\Buffer">
      <UniqueIdentifier>{687c9ff7-85c7-4842-a691-39580f0d35f5}</UniqueIdentifier>
    </Filter>
    <Filter Include="리소스 파일\Util">
      <UniqueIdentifier>{86384fd3-e036-4d42-bd6c-ad8e064b6b14}</UniqueIdentifier>
    </Filter>
    <Filter Include="리소스 파일\Session\Receiver/Sender">
      <UniqueIdentifier>{a88eec95-e194-4228-8911-6a165c78bdb8}</UniqueIdentifier>
    </Filter>
    <Filter Include="리소스 파일\Util\FileLog">
      <UniqueIdentifier>{2a804d21-78ea-4fcc-bc91-05d41e71209d}</UniqueIdentifier>
    </Filter>
  </ItemGroup>
  <ItemGroup>
    <ClInclude Include="HeaderFiles\AcceptorSession.h">
      <Filter>리소스 파일\Session</Filter>
    </ClInclude>
    <ClInclude Include="HeaderFiles\ClientSession.h">
      <Filter>리소스 파일\Session</Filter>
    </ClInclude>
    <ClInclude Include="HeaderFiles\CriticalSection.h">
      <Filter>리소스 파일\Lock</Filter>
    </ClInclude>
    <ClInclude Include="HeaderFiles\SpinLock.h">
      <Filter>리소스 파일\Lock</Filter>
    </ClInclude>
    <ClInclude Include="HeaderFiles\IOCPClass.h">
      <Filter>리소스 파일\IOCP</Filter>
    </ClInclude>
    <ClInclude Include="HeaderFiles\WorkerThread.h">
      <Filter>리소스 파일\IOCP\WorkerThread</Filter>
    </ClInclude>
    <ClInclude Include="HeaderFiles\OnlyHeaders\IpEndPoint.h">
      <Filter>리소스 파일\IOCP</Filter>
    </ClInclude>
    <ClInclude Include="HeaderFiles\OnlyHeaders\DoubleQueue.h">
      <Filter>리소스 파일\Container</Filter>
    </ClInclude>
    <ClInclude Include="HeaderFiles\OnlyHeaders\ManagerFrame_List.h">
      <Filter>리소스 파일\Container</Filter>
    </ClInclude>
    <ClInclude Include="HeaderFiles\OnlyHeaders\ManagerFrame_UnorderedMap.h">
      <Filter>리소스 파일\Container</Filter>
    </ClInclude>
    <ClInclude Include="HeaderFiles\RingBuffer.h">
      <Filter>리소스 파일\Session\Buffer</Filter>
    </ClInclude>
    <ClInclude Include="HeaderFiles\SendBuffer.h">
      <Filter>리소스 파일\Session\Buffer</Filter>
    </ClInclude>
    <ClInclude Include="HeaderFiles\Utils.h">
      <Filter>리소스 파일\Util</Filter>
    </ClInclude>
    <ClInclude Include="HeaderFiles\OnlyHeaders\SingletonBase.h">
      <Filter>리소스 파일\Util</Filter>
    </ClInclude>
    <ClInclude Include="HeaderFiles\OnlyHeaders\DurationChecker.h">
      <Filter>리소스 파일\Util</Filter>
    </ClInclude>
    <ClInclude Include="HeaderFiles\Session.h">
      <Filter>리소스 파일\Session</Filter>
    </ClInclude>
    <ClInclude Include="HeaderFiles\Receiver.h">
      <Filter>리소스 파일\Session\Receiver/Sender</Filter>
    </ClInclude>
    <ClInclude Include="HeaderFiles\Sender.h">
      <Filter>리소스 파일\Session\Receiver/Sender</Filter>
    </ClInclude>
    <ClInclude Include="HeaderFiles\OnlyHeaders\SharedQueue.h">
      <Filter>리소스 파일\Container</Filter>
    </ClInclude>
    <ClInclude Include="HeaderFiles\OnlyHeaders\ObjectPool.h">
      <Filter>리소스 파일\Container</Filter>
    </ClInclude>
    <ClInclude Include="HeaderFiles\OnlyHeaders\Thread.h">
      <Filter>리소스 파일\Util</Filter>
    </ClInclude>
    <ClInclude Include="HeaderFiles\FileLog.h">
      <Filter>리소스 파일\Util\FileLog</Filter>
    </ClInclude>
  </ItemGroup>
  <ItemGroup>
    <ClCompile Include="CppFiles\AcceptorSession.cpp">
      <Filter>리소스 파일\Session</Filter>
    </ClCompile>
    <ClCompile Include="CppFiles\ClientSession.cpp">
      <Filter>리소스 파일\Session</Filter>
    </ClCompile>
    <ClCompile Include="CppFiles\CriticalSection.cpp">
      <Filter>리소스 파일\Lock</Filter>
    </ClCompile>
    <ClCompile Include="CppFiles\SpinLock.cpp">
      <Filter>리소스 파일\Lock</Filter>
    </ClCompile>
    <ClCompile Include="CppFiles\IOCPClass.cpp">
      <Filter>리소스 파일\IOCP</Filter>
    </ClCompile>
    <ClCompile Include="CppFiles\WorkerThread.cpp">
      <Filter>리소스 파일\IOCP\WorkerThread</Filter>
    </ClCompile>
    <ClCompile Include="CppFiles\RingBuffer.cpp">
      <Filter>리소스 파일\Session\Buffer</Filter>
    </ClCompile>
    <ClCompile Include="CppFiles\Utils.cpp">
      <Filter>리소스 파일\Util</Filter>
    </ClCompile>
    <ClCompile Include="CppFiles\Session.cpp">
      <Filter>리소스 파일\Session</Filter>
    </ClCompile>
    <ClCompile Include="CppFiles\Receiver.cpp">
      <Filter>리소스 파일\Session\Receiver/Sender</Filter>
    </ClCompile>
    <ClCompile Include="CppFiles\Sender.cpp">
      <Filter>리소스 파일\Session\Receiver/Sender</Filter>
    </ClCompile>
    <ClCompile Include="CppFiles\FileLog.cpp">
      <Filter>리소스 파일\Util\FileLog</Filter>
    </ClCompile>
  </ItemGroup>
</Project>